
Microsoft Visual Studio Solution File, Format Version 12.00
# Visual Studio Version 16
VisualStudioVersion = 16.0.29306.81
MinimumVisualStudioVersion = 10.0.40219.1
Project("{FAE04EC0-301F-11D3-BF4B-00C04F79EFBC}") = "EXPENSES", "EXPENSES\EXPENSES.csproj", "{AB7E60F5-9470-48A8-924D-110923A144A6}"
EndProject
Global
	GlobalSection(SolutionConfigurationPlatforms) = preSolution
		Debug|Any CPU = Debug|Any CPU
		Release|Any CPU = Release|Any CPU
	EndGlobalSection
	GlobalSection(ProjectConfigurationPlatforms) = postSolution
		{AB7E60F5-9470-48A8-924D-110923A144A6}.Debug|Any CPU.ActiveCfg = Debug|Any CPU
		{AB7E60F5-9470-48A8-924D-110923A144A6}.Debug|Any CPU.Build.0 = Debug|Any CPU
		{AB7E60F5-9470-48A8-924D-110923A144A6}.Release|Any CPU.ActiveCfg = Release|Any CPU
		{AB7E60F5-9470-48A8-924D-110923A144A6}.Release|Any CPU.Build.0 = Release|Any CPU
	EndGlobalSection
	GlobalSection(SolutionProperties) = preSolution
		HideSolutionNode = FALSE
	EndGlobalSection
	GlobalSection(ExtensibilityGlobals) = postSolution
		SolutionGuid = {5CAFAB94-45AC-4D83-979A-651637EB1837}
	EndGlobalSection
EndGlobal
